// !$*UTF8*$!
{
	archiveVersion = 1;
	classes = {
	};
	objectVersion = 50;
	objects = {

/* Begin PBXBuildFile section */
		80695225210F05C00016FDE9 /* AppDelegate.swift in Sources */ = {isa = PBXBuildFile; fileRef = 80695224210F05C00016FDE9 /* AppDelegate.swift */; };
		80695227210F05C00016FDE9 /* ViewController.swift in Sources */ = {isa = PBXBuildFile; fileRef = 80695226210F05C00016FDE9 /* ViewController.swift */; };
		8069522A210F05C00016FDE9 /* Main.storyboard in Resources */ = {isa = PBXBuildFile; fileRef = 80695228210F05C00016FDE9 /* Main.storyboard */; };
		8069522C210F05C10016FDE9 /* Assets.xcassets in Resources */ = {isa = PBXBuildFile; fileRef = 8069522B210F05C10016FDE9 /* Assets.xcassets */; };
		8069522F210F05C10016FDE9 /* LaunchScreen.storyboard in Resources */ = {isa = PBXBuildFile; fileRef = 8069522D210F05C10016FDE9 /* LaunchScreen.storyboard */; };
		8069523A210F05C10016FDE9 /* Slide_Menu_DelegateTests.swift in Sources */ = {isa = PBXBuildFile; fileRef = 80695239210F05C10016FDE9 /* Slide_Menu_DelegateTests.swift */; };
		80695245210F05C10016FDE9 /* Slide_Menu_DelegateUITests.swift in Sources */ = {isa = PBXBuildFile; fileRef = 80695244210F05C10016FDE9 /* Slide_Menu_DelegateUITests.swift */; };
		80695253210F076F0016FDE9 /* ContainerVC.swift in Sources */ = {isa = PBXBuildFile; fileRef = 80695252210F076F0016FDE9 /* ContainerVC.swift */; };
		8088E528210FFF99009B40F1 /* TableViewController.swift in Sources */ = {isa = PBXBuildFile; fileRef = 8088E527210FFF99009B40F1 /* TableViewController.swift */; };
/* End PBXBuildFile section */

/* Begin PBXContainerItemProxy section */
		80695236210F05C10016FDE9 /* PBXContainerItemProxy */ = {
			isa = PBXContainerItemProxy;
			containerPortal = 80695219210F05C00016FDE9 /* Project object */;
			proxyType = 1;
			remoteGlobalIDString = 80695220210F05C00016FDE9;
			remoteInfo = "Slide Menu Delegate";
		};
		80695241210F05C10016FDE9 /* PBXContainerItemProxy */ = {
			isa = PBXContainerItemProxy;
			containerPortal = 80695219210F05C00016FDE9 /* Project object */;
			proxyType = 1;
			remoteGlobalIDString = 80695220210F05C00016FDE9;
			remoteInfo = "Slide Menu Delegate";
		};
/* End PBXContainerItemProxy section */

/* Begin PBXFileReference section */
		80695221210F05C00016FDE9 /* Slide Menu Delegate.app */ = {isa = PBXFileReference; explicitFileType = wrapper.application; includeInIndex = 0; path = "Slide Menu Delegate.app"; sourceTree = BUILT_PRODUCTS_DIR; };
		80695224210F05C00016FDE9 /* AppDelegate.swift */ = {isa = PBXFileReference; lastKnownFileType = sourcecode.swift; path = AppDelegate.swift; sourceTree = "<group>"; };
		80695226210F05C00016FDE9 /* ViewController.swift */ = {isa = PBXFileReference; lastKnownFileType = sourcecode.swift; path = ViewController.swift; sourceTree = "<group>"; };
		80695229210F05C00016FDE9 /* Base */ = {isa = PBXFileReference; lastKnownFileType = file.storyboard; name = Base; path = Base.lproj/Main.storyboard; sourceTree = "<group>"; };
		8069522B210F05C10016FDE9 /* Assets.xcassets */ = {isa = PBXFileReference; lastKnownFileType = folder.assetcatalog; path = Assets.xcassets; sourceTree = "<group>"; };
		8069522E210F05C10016FDE9 /* Base */ = {isa = PBXFileReference; lastKnownFileType = file.storyboard; name = Base; path = Base.lproj/LaunchScreen.storyboard; sourceTree = "<group>"; };
		80695230210F05C10016FDE9 /* Info.plist */ = {isa = PBXFileReference; lastKnownFileType = text.plist.xml; path = Info.plist; sourceTree = "<group>"; };
		80695235210F05C10016FDE9 /* Slide Menu DelegateTests.xctest */ = {isa = PBXFileReference; explicitFileType = wrapper.cfbundle; includeInIndex = 0; path = "Slide Menu DelegateTests.xctest"; sourceTree = BUILT_PRODUCTS_DIR; };
		80695239210F05C10016FDE9 /* Slide_Menu_DelegateTests.swift */ = {isa = PBXFileReference; lastKnownFileType = sourcecode.swift; path = Slide_Menu_DelegateTests.swift; sourceTree = "<group>"; };
		8069523B210F05C10016FDE9 /* Info.plist */ = {isa = PBXFileReference; lastKnownFileType = text.plist.xml; path = Info.plist; sourceTree = "<group>"; };
		80695240210F05C10016FDE9 /* Slide Menu DelegateUITests.xctest */ = {isa = PBXFileReference; explicitFileType = wrapper.cfbundle; includeInIndex = 0; path = "Slide Menu DelegateUITests.xctest"; sourceTree = BUILT_PRODUCTS_DIR; };
		80695244210F05C10016FDE9 /* Slide_Menu_DelegateUITests.swift */ = {isa = PBXFileReference; lastKnownFileType = sourcecode.swift; path = Slide_Menu_DelegateUITests.swift; sourceTree = "<group>"; };
		80695246210F05C20016FDE9 /* Info.plist */ = {isa = PBXFileReference; lastKnownFileType = text.plist.xml; path = Info.plist; sourceTree = "<group>"; };
		80695252210F076F0016FDE9 /* ContainerVC.swift */ = {isa = PBXFileReference; lastKnownFileType = sourcecode.swift; path = ContainerVC.swift; sourceTree = "<group>"; };
		8088E527210FFF99009B40F1 /* TableViewController.swift */ = {isa = PBXFileReference; lastKnownFileType = sourcecode.swift; path = TableViewController.swift; sourceTree = "<group>"; };
/* End PBXFileReference section */

/* Begin PBXFrameworksBuildPhase section */
		8069521E210F05C00016FDE9 /* Frameworks */ = {
			isa = PBXFrameworksBuildPhase;
			buildActionMask = 2147483647;
			files = (
			);
			runOnlyForDeploymentPostprocessing = 0;
		};
		80695232210F05C10016FDE9 /* Frameworks */ = {
			isa = PBXFrameworksBuildPhase;
			buildActionMask = 2147483647;
			files = (
			);
			runOnlyForDeploymentPostprocessing = 0;
		};
		8069523D210F05C10016FDE9 /* Frameworks */ = {
			isa = PBXFrameworksBuildPhase;
			buildActionMask = 2147483647;
			files = (
			);
			runOnlyForDeploymentPostprocessing = 0;
		};
/* End PBXFrameworksBuildPhase section */

/* Begin PBXGroup section */
		80695218210F05C00016FDE9 = {
			isa = PBXGroup;
			children = (
				80695223210F05C00016FDE9 /* Slide Menu Delegate */,
				80695238210F05C10016FDE9 /* Slide Menu DelegateTests */,
				80695243210F05C10016FDE9 /* Slide Menu DelegateUITests */,
				80695222210F05C00016FDE9 /* Products */,
			);
			sourceTree = "<group>";
		};
		80695222210F05C00016FDE9 /* Products */ = {
			isa = PBXGroup;
			children = (
				80695221210F05C00016FDE9 /* Slide Menu Delegate.app */,
				80695235210F05C10016FDE9 /* Slide Menu DelegateTests.xctest */,
				80695240210F05C10016FDE9 /* Slide Menu DelegateUITests.xctest */,
			);
			name = Products;
			sourceTree = "<group>";
		};
		80695223210F05C00016FDE9 /* Slide Menu Delegate */ = {
			isa = PBXGroup;
			children = (
				80695224210F05C00016FDE9 /* AppDelegate.swift */,
				80695226210F05C00016FDE9 /* ViewController.swift */,
				80695228210F05C00016FDE9 /* Main.storyboard */,
				8088E527210FFF99009B40F1 /* TableViewController.swift */,
				80695252210F076F0016FDE9 /* ContainerVC.swift */,
				8069522B210F05C10016FDE9 /* Assets.xcassets */,
				8069522D210F05C10016FDE9 /* LaunchScreen.storyboard */,
				80695230210F05C10016FDE9 /* Info.plist */,
			);
			path = "Slide Menu Delegate";
			sourceTree = "<group>";
		};
		80695238210F05C10016FDE9 /* Slide Menu DelegateTests */ = {
			isa = PBXGroup;
			children = (
				80695239210F05C10016FDE9 /* Slide_Menu_DelegateTests.swift */,
				8069523B210F05C10016FDE9 /* Info.plist */,
			);
			path = "Slide Menu DelegateTests";
			sourceTree = "<group>";
		};
		80695243210F05C10016FDE9 /* Slide Menu DelegateUITests */ = {
			isa = PBXGroup;
			children = (
				80695244210F05C10016FDE9 /* Slide_Menu_DelegateUITests.swift */,
				80695246210F05C20016FDE9 /* Info.plist */,
			);
			path = "Slide Menu DelegateUITests";
			sourceTree = "<group>";
		};
/* End PBXGroup section */

/* Begin PBXNativeTarget section */
		80695220210F05C00016FDE9 /* Slide Menu Delegate */ = {
			isa = PBXNativeTarget;
			buildConfigurationList = 80695249210F05C20016FDE9 /* Build configuration list for PBXNativeTarget "Slide Menu Delegate" */;
			buildPhases = (
				8069521D210F05C00016FDE9 /* Sources */,
				8069521E210F05C00016FDE9 /* Frameworks */,
				8069521F210F05C00016FDE9 /* Resources */,
			);
			buildRules = (
			);
			dependencies = (
			);
			name = "Slide Menu Delegate";
			productName = "Slide Menu Delegate";
			productReference = 80695221210F05C00016FDE9 /* Slide Menu Delegate.app */;
			productType = "com.apple.product-type.application";
		};
		80695234210F05C10016FDE9 /* Slide Menu DelegateTests */ = {
			isa = PBXNativeTarget;
			buildConfigurationList = 8069524C210F05C20016FDE9 /* Build configuration list for PBXNativeTarget "Slide Menu DelegateTests" */;
			buildPhases = (
				80695231210F05C10016FDE9 /* Sources */,
				80695232210F05C10016FDE9 /* Frameworks */,
				80695233210F05C10016FDE9 /* Resources */,
			);
			buildRules = (
			);
			dependencies = (
				80695237210F05C10016FDE9 /* PBXTargetDependency */,
			);
			name = "Slide Menu DelegateTests";
			productName = "Slide Menu DelegateTests";
			productReference = 80695235210F05C10016FDE9 /* Slide Menu DelegateTests.xctest */;
			productType = "com.apple.product-type.bundle.unit-test";
		};
		8069523F210F05C10016FDE9 /* Slide Menu DelegateUITests */ = {
			isa = PBXNativeTarget;
			buildConfigurationList = 8069524F210F05C20016FDE9 /* Build configuration list for PBXNativeTarget "Slide Menu DelegateUITests" */;
			buildPhases = (
				8069523C210F05C10016FDE9 /* Sources */,
				8069523D210F05C10016FDE9 /* Frameworks */,
				8069523E210F05C10016FDE9 /* Resources */,
			);
			buildRules = (
			);
			dependencies = (
				80695242210F05C10016FDE9 /* PBXTargetDependency */,
			);
			name = "Slide Menu DelegateUITests";
			productName = "Slide Menu DelegateUITests";
			productReference = 80695240210F05C10016FDE9 /* Slide Menu DelegateUITests.xctest */;
			productType = "com.apple.product-type.bundle.ui-testing";
		};
/* End PBXNativeTarget section */

/* Begin PBXProject section */
		80695219210F05C00016FDE9 /* Project object */ = {
			isa = PBXProject;
			attributes = {
				LastSwiftUpdateCheck = 0940;
				LastUpgradeCheck = 0940;
				ORGANIZATIONNAME = dohien;
				TargetAttributes = {
					80695220210F05C00016FDE9 = {
						CreatedOnToolsVersion = 9.4.1;
					};
					80695234210F05C10016FDE9 = {
						CreatedOnToolsVersion = 9.4.1;
						TestTargetID = 80695220210F05C00016FDE9;
					};
					8069523F210F05C10016FDE9 = {
						CreatedOnToolsVersion = 9.4.1;
						TestTargetID = 80695220210F05C00016FDE9;
					};
				};
			};
			buildConfigurationList = 8069521C210F05C00016FDE9 /* Build configuration list for PBXProject "Slide Menu Delegate" */;
			compatibilityVersion = "Xcode 9.3";
			developmentRegion = en;
			hasScannedForEncodings = 0;
			knownRegions = (
				en,
				Base,
			);
			mainGroup = 80695218210F05C00016FDE9;
			productRefGroup = 80695222210F05C00016FDE9 /* Products */;
			projectDirPath = "";
			projectRoot = "";
			targets = (
				80695220210F05C00016FDE9 /* Slide Menu Delegate */,
				80695234210F05C10016FDE9 /* Slide Menu DelegateTests */,
				8069523F210F05C10016FDE9 /* Slide Menu DelegateUITests */,
			);
		};
/* End PBXProject section */

/* Begin PBXResourcesBuildPhase section */
		8069521F210F05C00016FDE9 /* Resources */ = {
			isa = PBXResourcesBuildPhase;
			buildActionMask = 2147483647;
			files = (
				8069522F210F05C10016FDE9 /* LaunchScreen.storyboard in Resources */,
				8069522C210F05C10016FDE9 /* Assets.xcassets in Resources */,
				8069522A210F05C00016FDE9 /* Main.storyboard in Resources */,
			);
			runOnlyForDeploymentPostprocessing = 0;
		};
		80695233210F05C10016FDE9 /* Resources */ = {
			isa = PBXResourcesBuildPhase;
			buildActionMask = 2147483647;
			files = (
			);
			runOnlyForDeploymentPostprocessing = 0;
		};
		8069523E210F05C10016FDE9 /* Resources */ = {
			isa = PBXResourcesBuildPhase;
			buildActionMask = 2147483647;
			files = (
			);
			runOnlyForDeploymentPostprocessing = 0;
		};
/* End PBXResourcesBuildPhase section */

/* Begin PBXSourcesBuildPhase section */
		8069521D210F05C00016FDE9 /* Sources */ = {
			isa = PBXSourcesBuildPhase;
			buildActionMask = 2147483647;
			files = (
				80695253210F076F0016FDE9 /* ContainerVC.swift in Sources */,
				80695227210F05C00016FDE9 /* ViewController.swift in Sources */,
				80695225210F05C00016FDE9 /* AppDelegate.swift in Sources */,
				8088E528210FFF99009B40F1 /* TableViewController.swift in Sources */,
			);
			runOnlyForDeploymentPostprocessing = 0;
		};
		80695231210F05C10016FDE9 /* Sources */ = {
			isa = PBXSourcesBuildPhase;
			buildActionMask = 2147483647;
			files = (
				8069523A210F05C10016FDE9 /* Slide_Menu_DelegateTests.swift in Sources */,
			);
			runOnlyForDeploymentPostprocessing = 0;
		};
		8069523C210F05C10016FDE9 /* Sources */ = {
			isa = PBXSourcesBuildPhase;
			buildActionMask = 2147483647;
			files = (
				80695245210F05C10016FDE9 /* Slide_Menu_DelegateUITests.swift in Sources */,
			);
			runOnlyForDeploymentPostprocessing = 0;
		};
/* End PBXSourcesBuildPhase section */

/* Begin PBXTargetDependency section */
		80695237210F05C10016FDE9 /* PBXTargetDependency */ = {
			isa = PBXTargetDependency;
			target = 80695220210F05C00016FDE9 /* Slide Menu Delegate */;
			targetProxy = 80695236210F05C10016FDE9 /* PBXContainerItemProxy */;
		};
		80695242210F05C10016FDE9 /* PBXTargetDependency */ = {
			isa = PBXTargetDependency;
			target = 80695220210F05C00016FDE9 /* Slide Menu Delegate */;
			targetProxy = 80695241210F05C10016FDE9 /* PBXContainerItemProxy */;
		};
/* End PBXTargetDependency section */

/* Begin PBXVariantGroup section */
		80695228210F05C00016FDE9 /* Main.storyboard */ = {
			isa = PBXVariantGroup;
			children = (
				80695229210F05C00016FDE9 /* Base */,
			);
			name = Main.storyboard;
			sourceTree = "<group>";
		};
		8069522D210F05C10016FDE9 /* LaunchScreen.storyboard */ = {
			isa = PBXVariantGroup;
			children = (
				8069522E210F05C10016FDE9 /* Base */,
			);
			name = LaunchScreen.storyboard;
			sourceTree = "<group>";
		};
/* End PBXVariantGroup section */

/* Begin XCBuildConfiguration section */
		80695247210F05C20016FDE9 /* Debug */ = {
			isa = XCBuildConfiguration;
			buildSettings = {
				ALWAYS_SEARCH_USER_PATHS = NO;
				CLANG_ANALYZER_NONNULL = YES;
				CLANG_ANALYZER_NUMBER_OBJECT_CONVERSION = YES_AGGRESSIVE;
				CLANG_CXX_LANGUAGE_STANDARD = "gnu++14";
				CLANG_CXX_LIBRARY = "libc++";
				CLANG_ENABLE_MODULES = YES;
				CLANG_ENABLE_OBJC_ARC = YES;
				CLANG_ENABLE_OBJC_WEAK = YES;
				CLANG_WARN_BLOCK_CAPTURE_AUTORELEASING = YES;
				CLANG_WARN_BOOL_CONVERSION = YES;
				CLANG_WARN_COMMA = YES;
				CLANG_WARN_CONSTANT_CONVERSION = YES;
				CLANG_WARN_DEPRECATED_OBJC_IMPLEMENTATIONS = YES;
				CLANG_WARN_DIRECT_OBJC_ISA_USAGE = YES_ERROR;
				CLANG_WARN_DOCUMENTATION_COMMENTS = YES;
				CLANG_WARN_EMPTY_BODY = YES;
				CLANG_WARN_ENUM_CONVERSION = YES;
				CLANG_WARN_INFINITE_RECURSION = YES;
				CLANG_WARN_INT_CONVERSION = YES;
				CLANG_WARN_NON_LITERAL_NULL_CONVERSION = YES;
				CLANG_WARN_OBJC_IMPLICIT_RETAIN_SELF = YES;
				CLANG_WARN_OBJC_LITERAL_CONVERSION = YES;
				CLANG_WARN_OBJC_ROOT_CLASS = YES_ERROR;
				CLANG_WARN_RANGE_LOOP_ANALYSIS = YES;
				CLANG_WARN_STRICT_PROTOTYPES = YES;
				CLANG_WARN_SUSPICIOUS_MOVE = YES;
				CLANG_WARN_UNGUARDED_AVAILABILITY = YES_AGGRESSIVE;
				CLANG_WARN_UNREACHABLE_CODE = YES;
				CLANG_WARN__DUPLICATE_METHOD_MATCH = YES;
				CODE_SIGN_IDENTITY = "iPhone Developer";
				COPY_PHASE_STRIP = NO;
				DEBUG_INFORMATION_FORMAT = dwarf;
				ENABLE_STRICT_OBJC_MSGSEND = YES;
				ENABLE_TESTABILITY = YES;
				GCC_C_LANGUAGE_STANDARD = gnu11;
				GCC_DYNAMIC_NO_PIC = NO;
				GCC_NO_COMMON_BLOCKS = YES;
				GCC_OPTIMIZATION_LEVEL = 0;
				GCC_PREPROCESSOR_DEFINITIONS = (
					"DEBUG=1",
					"$(inherited)",
				);
				GCC_WARN_64_TO_32_BIT_CONVERSION = YES;
				GCC_WARN_ABOUT_RETURN_TYPE = YES_ERROR;
				GCC_WARN_UNDECLARED_SELECTOR = YES;
				GCC_WARN_UNINITIALIZED_AUTOS = YES_AGGRESSIVE;
				GCC_WARN_UNUSED_FUNCTION = YES;
				GCC_WARN_UNUSED_VARIABLE = YES;
				IPHONEOS_DEPLOYMENT_TARGET = 11.4;
				MTL_ENABLE_DEBUG_INFO = YES;
				ONLY_ACTIVE_ARCH = YES;
				SDKROOT = iphoneos;
				SWIFT_ACTIVE_COMPILATION_CONDITIONS = DEBUG;
				SWIFT_OPTIMIZATION_LEVEL = "-Onone";
			};
			name = Debug;
		};
		80695248210F05C20016FDE9 /* Release */ = {
			isa = XCBuildConfiguration;
			buildSettings = {
				ALWAYS_SEARCH_USER_PATHS = NO;
				CLANG_ANALYZER_NONNULL = YES;
				CLANG_ANALYZER_NUMBER_OBJECT_CONVERSION = YES_AGGRESSIVE;
				CLANG_CXX_LANGUAGE_STANDARD = "gnu++14";
				CLANG_CXX_LIBRARY = "libc++";
				CLANG_ENABLE_MODULES = YES;
				CLANG_ENABLE_OBJC_ARC = YES;
				CLANG_ENABLE_OBJC_WEAK = YES;
				CLANG_WARN_BLOCK_CAPTURE_AUTORELEASING = YES;
				CLANG_WARN_BOOL_CONVERSION = YES;
				CLANG_WARN_COMMA = YES;
				CLANG_WARN_CONSTANT_CONVERSION = YES;
				CLANG_WARN_DEPRECATED_OBJC_IMPLEMENTATIONS = YES;
				CLANG_WARN_DIRECT_OBJC_ISA_USAGE = YES_ERROR;
				CLANG_WARN_DOCUMENTATION_COMMENTS = YES;
				CLANG_WARN_EMPTY_BODY = YES;
				CLANG_WARN_ENUM_CONVERSION = YES;
				CLANG_WARN_INFINITE_RECURSION = YES;
				CLANG_WARN_INT_CONVERSION = YES;
				CLANG_WARN_NON_LITERAL_NULL_CONVERSION = YES;
				CLANG_WARN_OBJC_IMPLICIT_RETAIN_SELF = YES;
				CLANG_WARN_OBJC_LITERAL_CONVERSION = YES;
				CLANG_WARN_OBJC_ROOT_CLASS = YES_ERROR;
				CLANG_WARN_RANGE_LOOP_ANALYSIS = YES;
				CLANG_WARN_STRICT_PROTOTYPES = YES;
				CLANG_WARN_SUSPICIOUS_MOVE = YES;
				CLANG_WARN_UNGUARDED_AVAILABILITY = YES_AGGRESSIVE;
				CLANG_WARN_UNREACHABLE_CODE = YES;
				CLANG_WARN__DUPLICATE_METHOD_MATCH = YES;
				CODE_SIGN_IDENTITY = "iPhone Developer";
				COPY_PHASE_STRIP = NO;
				DEBUG_INFORMATION_FORMAT = "dwarf-with-dsym";
				ENABLE_NS_ASSERTIONS = NO;
				ENABLE_STRICT_OBJC_MSGSEND = YES;
				GCC_C_LANGUAGE_STANDARD = gnu11;
				GCC_NO_COMMON_BLOCKS = YES;
				GCC_WARN_64_TO_32_BIT_CONVERSION = YES;
				GCC_WARN_ABOUT_RETURN_TYPE = YES_ERROR;
				GCC_WARN_UNDECLARED_SELECTOR = YES;
				GCC_WARN_UNINITIALIZED_AUTOS = YES_AGGRESSIVE;
				GCC_WARN_UNUSED_FUNCTION = YES;
				GCC_WARN_UNUSED_VARIABLE = YES;
				IPHONEOS_DEPLOYMENT_TARGET = 11.4;
				MTL_ENABLE_DEBUG_INFO = NO;
				SDKROOT = iphoneos;
				SWIFT_COMPILATION_MODE = wholemodule;
				SWIFT_OPTIMIZATION_LEVEL = "-O";
				VALIDATE_PRODUCT = YES;
			};
			name = Release;
		};
		8069524A210F05C20016FDE9 /* Debug */ = {
			isa = XCBuildConfiguration;
			buildSettings = {
				ASSETCATALOG_COMPILER_APPICON_NAME = AppIcon;
				CODE_SIGN_STYLE = Automatic;
				INFOPLIST_FILE = "Slide Menu Delegate/Info.plist";
				LD_RUNPATH_SEARCH_PATHS = (
					"$(inherited)",
					"@executable_path/Frameworks",
				);
				PRODUCT_BUNDLE_IDENTIFIER = "hienhihi.Slide-Menu-Delegate";
				PRODUCT_NAME = "$(TARGET_NAME)";
				SWIFT_VERSION = 4.0;
				TARGETED_DEVICE_FAMILY = "1,2";
			};
			name = Debug;
		};
		8069524B210F05C20016FDE9 /* Release */ = {
			isa = XCBuildConfiguration;
			buildSettings = {
				ASSETCATALOG_COMPILER_APPICON_NAME = AppIcon;
				CODE_SIGN_STYLE = Automatic;
				INFOPLIST_FILE = "Slide Menu Delegate/Info.plist";
				LD_RUNPATH_SEARCH_PATHS = (
					"$(inherited)",
					"@executable_path/Frameworks",
				);
				PRODUCT_BUNDLE_IDENTIFIER = "hienhihi.Slide-Menu-Delegate";
				PRODUCT_NAME = "$(TARGET_NAME)";
				SWIFT_VERSION = 4.0;
				TARGETED_DEVICE_FAMILY = "1,2";
			};
			name = Release;
		};
		8069524D210F05C20016FDE9 /* Debug */ = {
			isa = XCBuildConfiguration;
			buildSettings = {
				ALWAYS_EMBED_SWIFT_STANDARD_LIBRARIES = YES;
				BUNDLE_LOADER = "$(TEST_HOST)";
				CODE_SIGN_STYLE = Automatic;
				INFOPLIST_FILE = "Slide Menu DelegateTests/Info.plist";
				LD_RUNPATH_SEARCH_PATHS = (
					"$(inherited)",
					"@executable_path/Frameworks",
					"@loader_path/Frameworks",
				);
				PRODUCT_BUNDLE_IDENTIFIER = "hienhihi.Slide-Menu-DelegateTests";
				PRODUCT_NAME = "$(TARGET_NAME)";
				SWIFT_VERSION = 4.0;
				TARGETED_DEVICE_FAMILY = "1,2";
				TEST_HOST = "$(BUILT_PRODUCTS_DIR)/Slide Menu Delegate.app/Slide Menu Delegate";
			};
			name = Debug;
		};
		8069524E210F05C20016FDE9 /* Release */ = {
			isa = XCBuildConfiguration;
			buildSettings = {
				ALWAYS_EMBED_SWIFT_STANDARD_LIBRARIES = YES;
				BUNDLE_LOADER = "$(TEST_HOST)";
				CODE_SIGN_STYLE = Automatic;
				INFOPLIST_FILE = "Slide Menu DelegateTests/Info.plist";
				LD_RUNPATH_SEARCH_PATHS = (
					"$(inherited)",
					"@executable_path/Frameworks",
					"@loader_path/Frameworks",
				);
				PRODUCT_BUNDLE_IDENTIFIER = "hienhihi.Slide-Menu-DelegateTests";
				PRODUCT_NAME = "$(TARGET_NAME)";
				SWIFT_VERSION = 4.0;
				TARGETED_DEVICE_FAMILY = "1,2";
				TEST_HOST = "$(BUILT_PRODUCTS_DIR)/Slide Menu Delegate.app/Slide Menu Delegate";
			};
			name = Release;
		};
		80695250210F05C20016FDE9 /* Debug */ = {
			isa = XCBuildConfiguration;
			buildSettings = {
				ALWAYS_EMBED_SWIFT_STANDARD_LIBRARIES = YES;
				CODE_SIGN_STYLE = Automatic;
				INFOPLIST_FILE = "Slide Menu DelegateUITests/Info.plist";
				LD_RUNPATH_SEARCH_PATHS = (
					"$(inherited)",
					"@executable_path/Frameworks",
					"@loader_path/Frameworks",
				);
				PRODUCT_BUNDLE_IDENTIFIER = "hienhihi.Slide-Menu-DelegateUITests";
				PRODUCT_NAME = "$(TARGET_NAME)";
				SWIFT_VERSION = 4.0;
				TARGETED_DEVICE_FAMILY = "1,2";
				TEST_TARGET_NAME = "Slide Menu Delegate";
			};
			name = Debug;
		};
		80695251210F05C20016FDE9 /* Release */ = {
			isa = XCBuildConfiguration;
			buildSettings = {
				ALWAYS_EMBED_SWIFT_STANDARD_LIBRARIES = YES;
				CODE_SIGN_STYLE = Automatic;
				INFOPLIST_FILE = "Slide Menu DelegateUITests/Info.plist";
				LD_RUNPATH_SEARCH_PATHS = (
					"$(inherited)",
					"@executable_path/Frameworks",
					"@loader_path/Frameworks",
				);
				PRODUCT_BUNDLE_IDENTIFIER = "hienhihi.Slide-Menu-DelegateUITests";
				PRODUCT_NAME = "$(TARGET_NAME)";
				SWIFT_VERSION = 4.0;
				TARGETED_DEVICE_FAMILY = "1,2";
				TEST_TARGET_NAME = "Slide Menu Delegate";
			};
			name = Release;
		};
/* End XCBuildConfiguration section */

/* Begin XCConfigurationList section */
		8069521C210F05C00016FDE9 /* Build configuration list for PBXProject "Slide Menu Delegate" */ = {
			isa = XCConfigurationList;
			buildConfigurations = (
				80695247210F05C20016FDE9 /* Debug */,
				80695248210F05C20016FDE9 /* Release */,
			);
			defaultConfigurationIsVisible = 0;
			defaultConfigurationName = Release;
		};
		80695249210F05C20016FDE9 /* Build configuration list for PBXNativeTarget "Slide Menu Delegate" */ = {
			isa = XCConfigurationList;
			buildConfigurations = (
				8069524A210F05C20016FDE9 /* Debug */,
				8069524B210F05C20016FDE9 /* Release */,
			);
			defaultConfigurationIsVisible = 0;
			defaultConfigurationName = Release;
		};
		8069524C210F05C20016FDE9 /* Build configuration list for PBXNativeTarget "Slide Menu DelegateTests" */ = {
			isa = XCConfigurationList;
			buildConfigurations = (
				8069524D210F05C20016FDE9 /* Debug */,
				8069524E210F05C20016FDE9 /* Release */,
			);
			defaultConfigurationIsVisible = 0;
			defaultConfigurationName = Release;
		};
		8069524F210F05C20016FDE9 /* Build configuration list for PBXNativeTarget "Slide Menu DelegateUITests" */ = {
			isa = XCConfigurationList;
			buildConfigurations = (
				80695250210F05C20016FDE9 /* Debug */,
				80695251210F05C20016FDE9 /* Release */,
			);
			defaultConfigurationIsVisible = 0;
			defaultConfigurationName = Release;
		};
/* End XCConfigurationList section */
	};
	rootObject = 80695219210F05C00016FDE9 /* Project object */;
}
